
Microsoft Visual Studio Solution File, Format Version 12.00
# Visual Studio Version 17
VisualStudioVersion = 17.1.32421.90
MinimumVisualStudioVersion = 10.0.40219.1
Project("{9A19103F-16F7-4668-BE54-9A1E7A4F7556}") = "WebDriverTestDemo", "WebDriverTestDemo\WebDriverTestDemo.csproj", "{2BFE5B41-9343-480F-BB8A-E820344D0BC6}"
EndProject
Project("{FAE04EC0-301F-11D3-BF4B-00C04F79EFBC}") = "WebDriverTest", "WebDriverTest\WebDriverTest.csproj", "{D9A4EAED-7C09-4F5D-8D87-F9A1DB69815E}"
EndProject
Global
	GlobalSection(SolutionConfigurationPlatforms) = preSolution
		Debug|Any CPU = Debug|Any CPU
		Release|Any CPU = Release|Any CPU
	EndGlobalSection
	GlobalSection(ProjectConfigurationPlatforms) = postSolution
		{2BFE5B41-9343-480F-BB8A-E820344D0BC6}.Debug|Any CPU.ActiveCfg = Debug|Any CPU
		{2BFE5B41-9343-480F-BB8A-E820344D0BC6}.Debug|Any CPU.Build.0 = Debug|Any CPU
		{2BFE5B41-9343-480F-BB8A-E820344D0BC6}.Release|Any CPU.ActiveCfg = Release|Any CPU
		{2BFE5B41-9343-480F-BB8A-E820344D0BC6}.Release|Any CPU.Build.0 = Release|Any CPU
		{D9A4EAED-7C09-4F5D-8D87-F9A1DB69815E}.Debug|Any CPU.ActiveCfg = Debug|Any CPU
		{D9A4EAED-7C09-4F5D-8D87-F9A1DB69815E}.Debug|Any CPU.Build.0 = Debug|Any CPU
		{D9A4EAED-7C09-4F5D-8D87-F9A1DB69815E}.Release|Any CPU.ActiveCfg = Release|Any CPU
		{D9A4EAED-7C09-4F5D-8D87-F9A1DB69815E}.Release|Any CPU.Build.0 = Release|Any CPU
	EndGlobalSection
	GlobalSection(SolutionProperties) = preSolution
		HideSolutionNode = FALSE
	EndGlobalSection
	GlobalSection(ExtensibilityGlobals) = postSolution
		SolutionGuid = {FBAA5B2D-42B7-4707-9FF3-D33D9A3EDF13}
	EndGlobalSection
EndGlobal
